
Microsoft Visual Studio Solution File, Format Version 12.00
# Visual Studio 15
VisualStudioVersion = 15.0.27004.2010
MinimumVisualStudioVersion = 10.0.40219.1
Project("{9A19103F-16F7-4668-BE54-9A1E7A4F7556}") = "QSS.Base", "QSS.Base\QSS.Base.csproj", "{620C26A9-907B-461F-9D4D-DB0E1D42BCE9}"
EndProject
Project("{9A19103F-16F7-4668-BE54-9A1E7A4F7556}") = "QSS.TestBase", "QSS.TestBase\QSS.TestBase.csproj", "{0749C173-58BF-441A-9933-DAD826584700}"
EndProject
Project("{FAE04EC0-301F-11D3-BF4B-00C04F79EFBC}") = "Qss.Repository.NHibernate", "Qss.Repository.NHibernate\Qss.Repository.NHibernate.csproj", "{405FE64D-B12B-47CA-A3C3-52B281F29193}"
EndProject
Project("{FAE04EC0-301F-11D3-BF4B-00C04F79EFBC}") = "TestNet46", "TestDll\TestNet46.csproj", "{C4034F4A-ED9F-4A09-B7B6-A8941346D257}"
EndProject
Global
	GlobalSection(SolutionConfigurationPlatforms) = preSolution
		Debug|Any CPU = Debug|Any CPU
		Release|Any CPU = Release|Any CPU
	EndGlobalSection
	GlobalSection(ProjectConfigurationPlatforms) = postSolution
		{620C26A9-907B-461F-9D4D-DB0E1D42BCE9}.Debug|Any CPU.ActiveCfg = Debug|Any CPU
		{620C26A9-907B-461F-9D4D-DB0E1D42BCE9}.Debug|Any CPU.Build.0 = Debug|Any CPU
		{620C26A9-907B-461F-9D4D-DB0E1D42BCE9}.Release|Any CPU.ActiveCfg = Release|Any CPU
		{620C26A9-907B-461F-9D4D-DB0E1D42BCE9}.Release|Any CPU.Build.0 = Release|Any CPU
		{0749C173-58BF-441A-9933-DAD826584700}.Debug|Any CPU.ActiveCfg = Debug|Any CPU
		{0749C173-58BF-441A-9933-DAD826584700}.Debug|Any CPU.Build.0 = Debug|Any CPU
		{0749C173-58BF-441A-9933-DAD826584700}.Release|Any CPU.ActiveCfg = Release|Any CPU
		{0749C173-58BF-441A-9933-DAD826584700}.Release|Any CPU.Build.0 = Release|Any CPU
		{405FE64D-B12B-47CA-A3C3-52B281F29193}.Debug|Any CPU.ActiveCfg = Debug|Any CPU
		{405FE64D-B12B-47CA-A3C3-52B281F29193}.Debug|Any CPU.Build.0 = Debug|Any CPU
		{405FE64D-B12B-47CA-A3C3-52B281F29193}.Release|Any CPU.ActiveCfg = Release|Any CPU
		{405FE64D-B12B-47CA-A3C3-52B281F29193}.Release|Any CPU.Build.0 = Release|Any CPU
		{C4034F4A-ED9F-4A09-B7B6-A8941346D257}.Debug|Any CPU.ActiveCfg = Debug|Any CPU
		{C4034F4A-ED9F-4A09-B7B6-A8941346D257}.Debug|Any CPU.Build.0 = Debug|Any CPU
		{C4034F4A-ED9F-4A09-B7B6-A8941346D257}.Release|Any CPU.ActiveCfg = Release|Any CPU
		{C4034F4A-ED9F-4A09-B7B6-A8941346D257}.Release|Any CPU.Build.0 = Release|Any CPU
	EndGlobalSection
	GlobalSection(SolutionProperties) = preSolution
		HideSolutionNode = FALSE
	EndGlobalSection
	GlobalSection(ExtensibilityGlobals) = postSolution
		SolutionGuid = {14DE082C-C4B0-4010-B040-26BD3C5E6B4D}
	EndGlobalSection
EndGlobal
